
Microsoft Visual Studio Solution File, Format Version 12.00
Project("{FAE04EC0-301F-11D3-BF4B-00C04F79EFBC}") = "Rede.Domain", "Rede.Domain\Rede.Domain.csproj", "{CEC03C18-B58C-423C-8DE3-F9C2D11037C3}"
EndProject
Project("{FAE04EC0-301F-11D3-BF4B-00C04F79EFBC}") = "Rede.Test", "Rede.Test\Rede.Test.csproj", "{E6AD176B-7B4A-4442-9C9C-989645127F93}"
EndProject
Project("{FAE04EC0-301F-11D3-BF4B-00C04F79EFBC}") = "Rede.Application", "Rede.Application\Rede.Application.csproj", "{4BC9038D-3331-4665-BEA2-F97A1BD46C69}"
EndProject
Project("{FAE04EC0-301F-11D3-BF4B-00C04F79EFBC}") = "Rede.MongoDb", "Rede.MongoDb\Rede.MongoDb.csproj", "{387A60F3-4E8A-4657-B533-84D915DA1206}"
EndProject
Project("{FAE04EC0-301F-11D3-BF4B-00C04F79EFBC}") = "Rede.Api", "Rede.Api\Rede.Api.csproj", "{21EA4974-76FA-4DDC-BF3A-6C2DC20A0313}"
EndProject
Project("{FAE04EC0-301F-11D3-BF4B-00C04F79EFBC}") = "Rede.E2ETest", "Rede.E2ETest\Rede.E2ETest.csproj", "{B8F7DA05-103F-4535-96F9-E387A4B1BB90}"
EndProject
Global
	GlobalSection(SolutionConfigurationPlatforms) = preSolution
		Debug|Any CPU = Debug|Any CPU
		Release|Any CPU = Release|Any CPU
	EndGlobalSection
	GlobalSection(ProjectConfigurationPlatforms) = postSolution
		{CEC03C18-B58C-423C-8DE3-F9C2D11037C3}.Debug|Any CPU.ActiveCfg = Debug|Any CPU
		{CEC03C18-B58C-423C-8DE3-F9C2D11037C3}.Debug|Any CPU.Build.0 = Debug|Any CPU
		{CEC03C18-B58C-423C-8DE3-F9C2D11037C3}.Release|Any CPU.ActiveCfg = Release|Any CPU
		{CEC03C18-B58C-423C-8DE3-F9C2D11037C3}.Release|Any CPU.Build.0 = Release|Any CPU
		{E6AD176B-7B4A-4442-9C9C-989645127F93}.Debug|Any CPU.ActiveCfg = Debug|Any CPU
		{E6AD176B-7B4A-4442-9C9C-989645127F93}.Debug|Any CPU.Build.0 = Debug|Any CPU
		{E6AD176B-7B4A-4442-9C9C-989645127F93}.Release|Any CPU.ActiveCfg = Release|Any CPU
		{E6AD176B-7B4A-4442-9C9C-989645127F93}.Release|Any CPU.Build.0 = Release|Any CPU
		{4BC9038D-3331-4665-BEA2-F97A1BD46C69}.Debug|Any CPU.ActiveCfg = Debug|Any CPU
		{4BC9038D-3331-4665-BEA2-F97A1BD46C69}.Debug|Any CPU.Build.0 = Debug|Any CPU
		{4BC9038D-3331-4665-BEA2-F97A1BD46C69}.Release|Any CPU.ActiveCfg = Release|Any CPU
		{4BC9038D-3331-4665-BEA2-F97A1BD46C69}.Release|Any CPU.Build.0 = Release|Any CPU
		{387A60F3-4E8A-4657-B533-84D915DA1206}.Debug|Any CPU.ActiveCfg = Debug|Any CPU
		{387A60F3-4E8A-4657-B533-84D915DA1206}.Debug|Any CPU.Build.0 = Debug|Any CPU
		{387A60F3-4E8A-4657-B533-84D915DA1206}.Release|Any CPU.ActiveCfg = Release|Any CPU
		{387A60F3-4E8A-4657-B533-84D915DA1206}.Release|Any CPU.Build.0 = Release|Any CPU
		{21EA4974-76FA-4DDC-BF3A-6C2DC20A0313}.Debug|Any CPU.ActiveCfg = Debug|Any CPU
		{21EA4974-76FA-4DDC-BF3A-6C2DC20A0313}.Debug|Any CPU.Build.0 = Debug|Any CPU
		{21EA4974-76FA-4DDC-BF3A-6C2DC20A0313}.Release|Any CPU.ActiveCfg = Release|Any CPU
		{21EA4974-76FA-4DDC-BF3A-6C2DC20A0313}.Release|Any CPU.Build.0 = Release|Any CPU
		{B8F7DA05-103F-4535-96F9-E387A4B1BB90}.Debug|Any CPU.ActiveCfg = Debug|Any CPU
		{B8F7DA05-103F-4535-96F9-E387A4B1BB90}.Debug|Any CPU.Build.0 = Debug|Any CPU
		{B8F7DA05-103F-4535-96F9-E387A4B1BB90}.Release|Any CPU.ActiveCfg = Release|Any CPU
		{B8F7DA05-103F-4535-96F9-E387A4B1BB90}.Release|Any CPU.Build.0 = Release|Any CPU
	EndGlobalSection
EndGlobal
