
Microsoft Visual Studio Solution File, Format Version 12.00
Project("{FAE04EC0-301F-11D3-BF4B-00C04F79EFBC}") = "Pessoa.Domain", "Pessoa.Domain\Pessoa.Domain.csproj", "{2A33E19B-6AD8-4040-819E-BC7E1D7E5FCF}"
EndProject
Project("{FAE04EC0-301F-11D3-BF4B-00C04F79EFBC}") = "Pessoa.UnitTest", "Pessoa.UnitTest\Pessoa.UnitTest.csproj", "{1F952FF9-8724-407B-B197-46DF7570737D}"
EndProject
Project("{FAE04EC0-301F-11D3-BF4B-00C04F79EFBC}") = "Pessoa.Application", "Pessoa.Application\Pessoa.Application.csproj", "{78C479EC-6AD9-4818-A8A2-3F104215C6A8}"
EndProject
Project("{FAE04EC0-301F-11D3-BF4B-00C04F79EFBC}") = "Pessoa.Data.EF", "Pessoa.Data.EF\Pessoa.Data.EF.csproj", "{4AEC048B-28F4-4119-A35A-3D4A249EB703}"
EndProject
Project("{FAE04EC0-301F-11D3-BF4B-00C04F79EFBC}") = "Pessoa.IntegrationTest", "Pessoa.IntegrationTest\Pessoa.IntegrationTest.csproj", "{F9CB5158-779C-4A1F-B333-1F085AEF3658}"
EndProject
Project("{FAE04EC0-301F-11D3-BF4B-00C04F79EFBC}") = "Pessoa.Api", "Pessoa.Api\Pessoa.Api.csproj", "{970E0FD7-7BB3-45A9-AD9D-4D6187374D9F}"
EndProject
Global
	GlobalSection(SolutionConfigurationPlatforms) = preSolution
		Debug|Any CPU = Debug|Any CPU
		Release|Any CPU = Release|Any CPU
	EndGlobalSection
	GlobalSection(ProjectConfigurationPlatforms) = postSolution
		{2A33E19B-6AD8-4040-819E-BC7E1D7E5FCF}.Debug|Any CPU.ActiveCfg = Debug|Any CPU
		{2A33E19B-6AD8-4040-819E-BC7E1D7E5FCF}.Debug|Any CPU.Build.0 = Debug|Any CPU
		{2A33E19B-6AD8-4040-819E-BC7E1D7E5FCF}.Release|Any CPU.ActiveCfg = Release|Any CPU
		{2A33E19B-6AD8-4040-819E-BC7E1D7E5FCF}.Release|Any CPU.Build.0 = Release|Any CPU
		{1F952FF9-8724-407B-B197-46DF7570737D}.Debug|Any CPU.ActiveCfg = Debug|Any CPU
		{1F952FF9-8724-407B-B197-46DF7570737D}.Debug|Any CPU.Build.0 = Debug|Any CPU
		{1F952FF9-8724-407B-B197-46DF7570737D}.Release|Any CPU.ActiveCfg = Release|Any CPU
		{1F952FF9-8724-407B-B197-46DF7570737D}.Release|Any CPU.Build.0 = Release|Any CPU
		{78C479EC-6AD9-4818-A8A2-3F104215C6A8}.Debug|Any CPU.ActiveCfg = Debug|Any CPU
		{78C479EC-6AD9-4818-A8A2-3F104215C6A8}.Debug|Any CPU.Build.0 = Debug|Any CPU
		{78C479EC-6AD9-4818-A8A2-3F104215C6A8}.Release|Any CPU.ActiveCfg = Release|Any CPU
		{78C479EC-6AD9-4818-A8A2-3F104215C6A8}.Release|Any CPU.Build.0 = Release|Any CPU
		{4AEC048B-28F4-4119-A35A-3D4A249EB703}.Debug|Any CPU.ActiveCfg = Debug|Any CPU
		{4AEC048B-28F4-4119-A35A-3D4A249EB703}.Debug|Any CPU.Build.0 = Debug|Any CPU
		{4AEC048B-28F4-4119-A35A-3D4A249EB703}.Release|Any CPU.ActiveCfg = Release|Any CPU
		{4AEC048B-28F4-4119-A35A-3D4A249EB703}.Release|Any CPU.Build.0 = Release|Any CPU
		{F9CB5158-779C-4A1F-B333-1F085AEF3658}.Debug|Any CPU.ActiveCfg = Debug|Any CPU
		{F9CB5158-779C-4A1F-B333-1F085AEF3658}.Debug|Any CPU.Build.0 = Debug|Any CPU
		{F9CB5158-779C-4A1F-B333-1F085AEF3658}.Release|Any CPU.ActiveCfg = Release|Any CPU
		{F9CB5158-779C-4A1F-B333-1F085AEF3658}.Release|Any CPU.Build.0 = Release|Any CPU
		{970E0FD7-7BB3-45A9-AD9D-4D6187374D9F}.Debug|Any CPU.ActiveCfg = Debug|Any CPU
		{970E0FD7-7BB3-45A9-AD9D-4D6187374D9F}.Debug|Any CPU.Build.0 = Debug|Any CPU
		{970E0FD7-7BB3-45A9-AD9D-4D6187374D9F}.Release|Any CPU.ActiveCfg = Release|Any CPU
		{970E0FD7-7BB3-45A9-AD9D-4D6187374D9F}.Release|Any CPU.Build.0 = Release|Any CPU
	EndGlobalSection
EndGlobal
