Microsoft Visual Studio Solution File, Format Version 12.00
# Visual Studio Version 17
VisualStudioVersion = 17.5.2.0
MinimumVisualStudioVersion = 10.0.40219.1
Project("{FAE04EC0-301F-11D3-BF4B-00C04F79EFBC}") = "Academico.Api", "Academico.Api.csproj", "{A90E1D86-D6F3-1EA9-65A1-D3EA785E3FB8}"
EndProject
Global
	GlobalSection(SolutionConfigurationPlatforms) = preSolution
		Debug|Any CPU = Debug|Any CPU
		Release|Any CPU = Release|Any CPU
	EndGlobalSection
	GlobalSection(ProjectConfigurationPlatforms) = postSolution
		{A90E1D86-D6F3-1EA9-65A1-D3EA785E3FB8}.Debug|Any CPU.ActiveCfg = Debug|Any CPU
		{A90E1D86-D6F3-1EA9-65A1-D3EA785E3FB8}.Debug|Any CPU.Build.0 = Debug|Any CPU
		{A90E1D86-D6F3-1EA9-65A1-D3EA785E3FB8}.Release|Any CPU.ActiveCfg = Release|Any CPU
		{A90E1D86-D6F3-1EA9-65A1-D3EA785E3FB8}.Release|Any CPU.Build.0 = Release|Any CPU
	EndGlobalSection
	GlobalSection(SolutionProperties) = preSolution
		HideSolutionNode = FALSE
	EndGlobalSection
	GlobalSection(ExtensibilityGlobals) = postSolution
		SolutionGuid = {82533CD9-5751-47A8-828A-DF456D61AA1A}
	EndGlobalSection
EndGlobal
