
Microsoft Visual Studio Solution File, Format Version 12.00
Project("{FAE04EC0-301F-11D3-BF4B-00C04F79EFBC}") = "Usuario.Domain", "Usuario.Domain\Usuario.Domain.csproj", "{226C79BF-16F0-44D4-AFEB-FA2A9D01A4AB}"
EndProject
Project("{FAE04EC0-301F-11D3-BF4B-00C04F79EFBC}") = "Usuario.Application", "Usuario.Application\Usuario.Application.csproj", "{A5363DB8-AF37-4CBE-9F3E-4854BD9048B0}"
EndProject
Project("{FAE04EC0-301F-11D3-BF4B-00C04F79EFBC}") = "Usuario.Data.EF", "Usuario.Data.EF\Usuario.Data.EF.csproj", "{30C32CA4-DA79-4A17-8E66-2A31F58610FB}"
EndProject
Project("{FAE04EC0-301F-11D3-BF4B-00C04F79EFBC}") = "Usuario.Api", "Usuario.Api\Usuario.Api.csproj", "{E7E284DA-CB27-4191-BF08-0AE752690F6E}"
EndProject
Project("{FAE04EC0-301F-11D3-BF4B-00C04F79EFBC}") = "Usuario.Infra.Http", "Usuario.Infra.Http\Usuario.Infra.Http.csproj", "{7F764024-0B72-4BA9-870B-DDE307C20107}"
EndProject
Global
	GlobalSection(SolutionConfigurationPlatforms) = preSolution
		Debug|Any CPU = Debug|Any CPU
		Debug|x64 = Debug|x64
		Debug|x86 = Debug|x86
		Release|Any CPU = Release|Any CPU
		Release|x64 = Release|x64
		Release|x86 = Release|x86
	EndGlobalSection
	GlobalSection(ProjectConfigurationPlatforms) = postSolution
		{226C79BF-16F0-44D4-AFEB-FA2A9D01A4AB}.Debug|Any CPU.ActiveCfg = Debug|Any CPU
		{226C79BF-16F0-44D4-AFEB-FA2A9D01A4AB}.Debug|Any CPU.Build.0 = Debug|Any CPU
		{226C79BF-16F0-44D4-AFEB-FA2A9D01A4AB}.Debug|x64.ActiveCfg = Debug|Any CPU
		{226C79BF-16F0-44D4-AFEB-FA2A9D01A4AB}.Debug|x64.Build.0 = Debug|Any CPU
		{226C79BF-16F0-44D4-AFEB-FA2A9D01A4AB}.Debug|x86.ActiveCfg = Debug|Any CPU
		{226C79BF-16F0-44D4-AFEB-FA2A9D01A4AB}.Debug|x86.Build.0 = Debug|Any CPU
		{226C79BF-16F0-44D4-AFEB-FA2A9D01A4AB}.Release|Any CPU.ActiveCfg = Release|Any CPU
		{226C79BF-16F0-44D4-AFEB-FA2A9D01A4AB}.Release|Any CPU.Build.0 = Release|Any CPU
		{226C79BF-16F0-44D4-AFEB-FA2A9D01A4AB}.Release|x64.ActiveCfg = Release|Any CPU
		{226C79BF-16F0-44D4-AFEB-FA2A9D01A4AB}.Release|x64.Build.0 = Release|Any CPU
		{226C79BF-16F0-44D4-AFEB-FA2A9D01A4AB}.Release|x86.ActiveCfg = Release|Any CPU
		{226C79BF-16F0-44D4-AFEB-FA2A9D01A4AB}.Release|x86.Build.0 = Release|Any CPU
		{A5363DB8-AF37-4CBE-9F3E-4854BD9048B0}.Debug|Any CPU.ActiveCfg = Debug|Any CPU
		{A5363DB8-AF37-4CBE-9F3E-4854BD9048B0}.Debug|Any CPU.Build.0 = Debug|Any CPU
		{A5363DB8-AF37-4CBE-9F3E-4854BD9048B0}.Debug|x64.ActiveCfg = Debug|Any CPU
		{A5363DB8-AF37-4CBE-9F3E-4854BD9048B0}.Debug|x64.Build.0 = Debug|Any CPU
		{A5363DB8-AF37-4CBE-9F3E-4854BD9048B0}.Debug|x86.ActiveCfg = Debug|Any CPU
		{A5363DB8-AF37-4CBE-9F3E-4854BD9048B0}.Debug|x86.Build.0 = Debug|Any CPU
		{A5363DB8-AF37-4CBE-9F3E-4854BD9048B0}.Release|Any CPU.ActiveCfg = Release|Any CPU
		{A5363DB8-AF37-4CBE-9F3E-4854BD9048B0}.Release|Any CPU.Build.0 = Release|Any CPU
		{A5363DB8-AF37-4CBE-9F3E-4854BD9048B0}.Release|x64.ActiveCfg = Release|Any CPU
		{A5363DB8-AF37-4CBE-9F3E-4854BD9048B0}.Release|x64.Build.0 = Release|Any CPU
		{A5363DB8-AF37-4CBE-9F3E-4854BD9048B0}.Release|x86.ActiveCfg = Release|Any CPU
		{A5363DB8-AF37-4CBE-9F3E-4854BD9048B0}.Release|x86.Build.0 = Release|Any CPU
		{30C32CA4-DA79-4A17-8E66-2A31F58610FB}.Debug|Any CPU.ActiveCfg = Debug|Any CPU
		{30C32CA4-DA79-4A17-8E66-2A31F58610FB}.Debug|Any CPU.Build.0 = Debug|Any CPU
		{30C32CA4-DA79-4A17-8E66-2A31F58610FB}.Debug|x64.ActiveCfg = Debug|Any CPU
		{30C32CA4-DA79-4A17-8E66-2A31F58610FB}.Debug|x64.Build.0 = Debug|Any CPU
		{30C32CA4-DA79-4A17-8E66-2A31F58610FB}.Debug|x86.ActiveCfg = Debug|Any CPU
		{30C32CA4-DA79-4A17-8E66-2A31F58610FB}.Debug|x86.Build.0 = Debug|Any CPU
		{30C32CA4-DA79-4A17-8E66-2A31F58610FB}.Release|Any CPU.ActiveCfg = Release|Any CPU
		{30C32CA4-DA79-4A17-8E66-2A31F58610FB}.Release|Any CPU.Build.0 = Release|Any CPU
		{30C32CA4-DA79-4A17-8E66-2A31F58610FB}.Release|x64.ActiveCfg = Release|Any CPU
		{30C32CA4-DA79-4A17-8E66-2A31F58610FB}.Release|x64.Build.0 = Release|Any CPU
		{30C32CA4-DA79-4A17-8E66-2A31F58610FB}.Release|x86.ActiveCfg = Release|Any CPU
		{30C32CA4-DA79-4A17-8E66-2A31F58610FB}.Release|x86.Build.0 = Release|Any CPU
		{E7E284DA-CB27-4191-BF08-0AE752690F6E}.Debug|Any CPU.ActiveCfg = Debug|Any CPU
		{E7E284DA-CB27-4191-BF08-0AE752690F6E}.Debug|Any CPU.Build.0 = Debug|Any CPU
		{E7E284DA-CB27-4191-BF08-0AE752690F6E}.Debug|x64.ActiveCfg = Debug|Any CPU
		{E7E284DA-CB27-4191-BF08-0AE752690F6E}.Debug|x64.Build.0 = Debug|Any CPU
		{E7E284DA-CB27-4191-BF08-0AE752690F6E}.Debug|x86.ActiveCfg = Debug|Any CPU
		{E7E284DA-CB27-4191-BF08-0AE752690F6E}.Debug|x86.Build.0 = Debug|Any CPU
		{E7E284DA-CB27-4191-BF08-0AE752690F6E}.Release|Any CPU.ActiveCfg = Release|Any CPU
		{E7E284DA-CB27-4191-BF08-0AE752690F6E}.Release|Any CPU.Build.0 = Release|Any CPU
		{E7E284DA-CB27-4191-BF08-0AE752690F6E}.Release|x64.ActiveCfg = Release|Any CPU
		{E7E284DA-CB27-4191-BF08-0AE752690F6E}.Release|x64.Build.0 = Release|Any CPU
		{E7E284DA-CB27-4191-BF08-0AE752690F6E}.Release|x86.ActiveCfg = Release|Any CPU
		{E7E284DA-CB27-4191-BF08-0AE752690F6E}.Release|x86.Build.0 = Release|Any CPU
		{7F764024-0B72-4BA9-870B-DDE307C20107}.Debug|Any CPU.ActiveCfg = Debug|Any CPU
		{7F764024-0B72-4BA9-870B-DDE307C20107}.Debug|Any CPU.Build.0 = Debug|Any CPU
		{7F764024-0B72-4BA9-870B-DDE307C20107}.Debug|x64.ActiveCfg = Debug|Any CPU
		{7F764024-0B72-4BA9-870B-DDE307C20107}.Debug|x64.Build.0 = Debug|Any CPU
		{7F764024-0B72-4BA9-870B-DDE307C20107}.Debug|x86.ActiveCfg = Debug|Any CPU
		{7F764024-0B72-4BA9-870B-DDE307C20107}.Debug|x86.Build.0 = Debug|Any CPU
		{7F764024-0B72-4BA9-870B-DDE307C20107}.Release|Any CPU.ActiveCfg = Release|Any CPU
		{7F764024-0B72-4BA9-870B-DDE307C20107}.Release|Any CPU.Build.0 = Release|Any CPU
		{7F764024-0B72-4BA9-870B-DDE307C20107}.Release|x64.ActiveCfg = Release|Any CPU
		{7F764024-0B72-4BA9-870B-DDE307C20107}.Release|x64.Build.0 = Release|Any CPU
		{7F764024-0B72-4BA9-870B-DDE307C20107}.Release|x86.ActiveCfg = Release|Any CPU
		{7F764024-0B72-4BA9-870B-DDE307C20107}.Release|x86.Build.0 = Release|Any CPU
	EndGlobalSection
	GlobalSection(SolutionProperties) = preSolution
		HideSolutionNode = FALSE
	EndGlobalSection
EndGlobal
