
Microsoft Visual Studio Solution File, Format Version 12.00
# Visual Studio Version 17
VisualStudioVersion = 17.0.31903.59
MinimumVisualStudioVersion = 10.0.40219.1
Project("{FAE04EC0-301F-11D3-BF4B-00C04F79EFBC}") = "Serie.Domain", "Serie.Domain\Serie.Domain.csproj", "{C5362E40-C5ED-4435-A8EF-8AAF0147F0A7}"
EndProject
Project("{FAE04EC0-301F-11D3-BF4B-00C04F79EFBC}") = "Serie.Application", "Serie.Application\Serie.Application.csproj", "{B9BD277B-8ACA-421F-BDDE-0ED3DB8FD133}"
EndProject
Project("{FAE04EC0-301F-11D3-BF4B-00C04F79EFBC}") = "Serie.Data.EF", "Serie.Data.EF\Serie.Data.EF.csproj", "{BBFE2EDF-AA2C-4374-B9B7-D42A303A8707}"
EndProject
Project("{FAE04EC0-301F-11D3-BF4B-00C04F79EFBC}") = "Serie.Api", "Serie.Api\Serie.Api.csproj", "{303C0760-33F0-4232-81AB-C69CD790613F}"
EndProject
Global
	GlobalSection(SolutionConfigurationPlatforms) = preSolution
		Debug|Any CPU = Debug|Any CPU
		Debug|x64 = Debug|x64
		Debug|x86 = Debug|x86
		Release|Any CPU = Release|Any CPU
		Release|x64 = Release|x64
		Release|x86 = Release|x86
	EndGlobalSection
	GlobalSection(ProjectConfigurationPlatforms) = postSolution
		{C5362E40-C5ED-4435-A8EF-8AAF0147F0A7}.Debug|Any CPU.ActiveCfg = Debug|Any CPU
		{C5362E40-C5ED-4435-A8EF-8AAF0147F0A7}.Debug|Any CPU.Build.0 = Debug|Any CPU
		{C5362E40-C5ED-4435-A8EF-8AAF0147F0A7}.Debug|x64.ActiveCfg = Debug|Any CPU
		{C5362E40-C5ED-4435-A8EF-8AAF0147F0A7}.Debug|x64.Build.0 = Debug|Any CPU
		{C5362E40-C5ED-4435-A8EF-8AAF0147F0A7}.Debug|x86.ActiveCfg = Debug|Any CPU
		{C5362E40-C5ED-4435-A8EF-8AAF0147F0A7}.Debug|x86.Build.0 = Debug|Any CPU
		{C5362E40-C5ED-4435-A8EF-8AAF0147F0A7}.Release|Any CPU.ActiveCfg = Release|Any CPU
		{C5362E40-C5ED-4435-A8EF-8AAF0147F0A7}.Release|Any CPU.Build.0 = Release|Any CPU
		{C5362E40-C5ED-4435-A8EF-8AAF0147F0A7}.Release|x64.ActiveCfg = Release|Any CPU
		{C5362E40-C5ED-4435-A8EF-8AAF0147F0A7}.Release|x64.Build.0 = Release|Any CPU
		{C5362E40-C5ED-4435-A8EF-8AAF0147F0A7}.Release|x86.ActiveCfg = Release|Any CPU
		{C5362E40-C5ED-4435-A8EF-8AAF0147F0A7}.Release|x86.Build.0 = Release|Any CPU
		{B9BD277B-8ACA-421F-BDDE-0ED3DB8FD133}.Debug|Any CPU.ActiveCfg = Debug|Any CPU
		{B9BD277B-8ACA-421F-BDDE-0ED3DB8FD133}.Debug|Any CPU.Build.0 = Debug|Any CPU
		{B9BD277B-8ACA-421F-BDDE-0ED3DB8FD133}.Debug|x64.ActiveCfg = Debug|Any CPU
		{B9BD277B-8ACA-421F-BDDE-0ED3DB8FD133}.Debug|x64.Build.0 = Debug|Any CPU
		{B9BD277B-8ACA-421F-BDDE-0ED3DB8FD133}.Debug|x86.ActiveCfg = Debug|Any CPU
		{B9BD277B-8ACA-421F-BDDE-0ED3DB8FD133}.Debug|x86.Build.0 = Debug|Any CPU
		{B9BD277B-8ACA-421F-BDDE-0ED3DB8FD133}.Release|Any CPU.ActiveCfg = Release|Any CPU
		{B9BD277B-8ACA-421F-BDDE-0ED3DB8FD133}.Release|Any CPU.Build.0 = Release|Any CPU
		{B9BD277B-8ACA-421F-BDDE-0ED3DB8FD133}.Release|x64.ActiveCfg = Release|Any CPU
		{B9BD277B-8ACA-421F-BDDE-0ED3DB8FD133}.Release|x64.Build.0 = Release|Any CPU
		{B9BD277B-8ACA-421F-BDDE-0ED3DB8FD133}.Release|x86.ActiveCfg = Release|Any CPU
		{B9BD277B-8ACA-421F-BDDE-0ED3DB8FD133}.Release|x86.Build.0 = Release|Any CPU
		{BBFE2EDF-AA2C-4374-B9B7-D42A303A8707}.Debug|Any CPU.ActiveCfg = Debug|Any CPU
		{BBFE2EDF-AA2C-4374-B9B7-D42A303A8707}.Debug|Any CPU.Build.0 = Debug|Any CPU
		{BBFE2EDF-AA2C-4374-B9B7-D42A303A8707}.Debug|x64.ActiveCfg = Debug|Any CPU
		{BBFE2EDF-AA2C-4374-B9B7-D42A303A8707}.Debug|x64.Build.0 = Debug|Any CPU
		{BBFE2EDF-AA2C-4374-B9B7-D42A303A8707}.Debug|x86.ActiveCfg = Debug|Any CPU
		{BBFE2EDF-AA2C-4374-B9B7-D42A303A8707}.Debug|x86.Build.0 = Debug|Any CPU
		{BBFE2EDF-AA2C-4374-B9B7-D42A303A8707}.Release|Any CPU.ActiveCfg = Release|Any CPU
		{BBFE2EDF-AA2C-4374-B9B7-D42A303A8707}.Release|Any CPU.Build.0 = Release|Any CPU
		{BBFE2EDF-AA2C-4374-B9B7-D42A303A8707}.Release|x64.ActiveCfg = Release|Any CPU
		{BBFE2EDF-AA2C-4374-B9B7-D42A303A8707}.Release|x64.Build.0 = Release|Any CPU
		{BBFE2EDF-AA2C-4374-B9B7-D42A303A8707}.Release|x86.ActiveCfg = Release|Any CPU
		{BBFE2EDF-AA2C-4374-B9B7-D42A303A8707}.Release|x86.Build.0 = Release|Any CPU
		{303C0760-33F0-4232-81AB-C69CD790613F}.Debug|Any CPU.ActiveCfg = Debug|Any CPU
		{303C0760-33F0-4232-81AB-C69CD790613F}.Debug|Any CPU.Build.0 = Debug|Any CPU
		{303C0760-33F0-4232-81AB-C69CD790613F}.Debug|x64.ActiveCfg = Debug|Any CPU
		{303C0760-33F0-4232-81AB-C69CD790613F}.Debug|x64.Build.0 = Debug|Any CPU
		{303C0760-33F0-4232-81AB-C69CD790613F}.Debug|x86.ActiveCfg = Debug|Any CPU
		{303C0760-33F0-4232-81AB-C69CD790613F}.Debug|x86.Build.0 = Debug|Any CPU
		{303C0760-33F0-4232-81AB-C69CD790613F}.Release|Any CPU.ActiveCfg = Release|Any CPU
		{303C0760-33F0-4232-81AB-C69CD790613F}.Release|Any CPU.Build.0 = Release|Any CPU
		{303C0760-33F0-4232-81AB-C69CD790613F}.Release|x64.ActiveCfg = Release|Any CPU
		{303C0760-33F0-4232-81AB-C69CD790613F}.Release|x64.Build.0 = Release|Any CPU
		{303C0760-33F0-4232-81AB-C69CD790613F}.Release|x86.ActiveCfg = Release|Any CPU
		{303C0760-33F0-4232-81AB-C69CD790613F}.Release|x86.Build.0 = Release|Any CPU
	EndGlobalSection
	GlobalSection(SolutionProperties) = preSolution
		HideSolutionNode = FALSE
	EndGlobalSection
EndGlobal
